
Microsoft Visual Studio Solution File, Format Version 12.00
# Visual Studio Version 17
VisualStudioVersion = 17.9.34723.18
MinimumVisualStudioVersion = 10.0.40219.1
Project("{2150E333-8FDC-42A3-9474-1A3956D46DE8}") = "Services", "Services", "{3F5C57D6-35DF-4A1C-9D6E-853C98C9FCFC}"
EndProject
Project("{2150E333-8FDC-42A3-9474-1A3956D46DE8}") = "Catalog", "Catalog", "{6B0114E1-00F0-4009-A308-BB788D7DE369}"
EndProject
Project("{FAE04EC0-301F-11D3-BF4B-00C04F79EFBC}") = "CatalogAPI", "src\Services\Catalog\CatalogAPI\CatalogAPI.csproj", "{3A7EFACC-ED4B-443B-B320-AD357F7A8CC1}"
EndProject
Project("{2150E333-8FDC-42A3-9474-1A3956D46DE8}") = "BuildingBlocks", "BuildingBlocks", "{39C5120E-352E-4099-A8C7-2CBF2C590C53}"
EndProject
Project("{FAE04EC0-301F-11D3-BF4B-00C04F79EFBC}") = "BuildingBlocks", "src\BuildingBlocks\BuildingBlocks\BuildingBlocks.csproj", "{1C4F16FA-62F0-4A06-B9E4-81565A5F6E5F}"
EndProject
Global
	GlobalSection(SolutionConfigurationPlatforms) = preSolution
		Debug|Any CPU = Debug|Any CPU
		Release|Any CPU = Release|Any CPU
	EndGlobalSection
	GlobalSection(ProjectConfigurationPlatforms) = postSolution
		{3A7EFACC-ED4B-443B-B320-AD357F7A8CC1}.Debug|Any CPU.ActiveCfg = Debug|Any CPU
		{3A7EFACC-ED4B-443B-B320-AD357F7A8CC1}.Debug|Any CPU.Build.0 = Debug|Any CPU
		{3A7EFACC-ED4B-443B-B320-AD357F7A8CC1}.Release|Any CPU.ActiveCfg = Release|Any CPU
		{3A7EFACC-ED4B-443B-B320-AD357F7A8CC1}.Release|Any CPU.Build.0 = Release|Any CPU
		{1C4F16FA-62F0-4A06-B9E4-81565A5F6E5F}.Debug|Any CPU.ActiveCfg = Debug|Any CPU
		{1C4F16FA-62F0-4A06-B9E4-81565A5F6E5F}.Debug|Any CPU.Build.0 = Debug|Any CPU
		{1C4F16FA-62F0-4A06-B9E4-81565A5F6E5F}.Release|Any CPU.ActiveCfg = Release|Any CPU
		{1C4F16FA-62F0-4A06-B9E4-81565A5F6E5F}.Release|Any CPU.Build.0 = Release|Any CPU
	EndGlobalSection
	GlobalSection(SolutionProperties) = preSolution
		HideSolutionNode = FALSE
	EndGlobalSection
	GlobalSection(NestedProjects) = preSolution
		{6B0114E1-00F0-4009-A308-BB788D7DE369} = {3F5C57D6-35DF-4A1C-9D6E-853C98C9FCFC}
		{3A7EFACC-ED4B-443B-B320-AD357F7A8CC1} = {6B0114E1-00F0-4009-A308-BB788D7DE369}
		{1C4F16FA-62F0-4A06-B9E4-81565A5F6E5F} = {39C5120E-352E-4099-A8C7-2CBF2C590C53}
	EndGlobalSection
	GlobalSection(ExtensibilityGlobals) = postSolution
		SolutionGuid = {B771B961-7378-416E-86D8-74AE4B5CDE05}
	EndGlobalSection
EndGlobal
